
Microsoft Visual Studio Solution File, Format Version 12.00
# Visual Studio 14
VisualStudioVersion = 14.0.24720.0
MinimumVisualStudioVersion = 10.0.40219.1
Project("{FAE04EC0-301F-11D3-BF4B-00C04F79EFBC}") = "TrainerJoey", "TrainerJoey\TrainerJoey.csproj", "{408BAD9E-1877-43AD-BB0E-1A9388004EFE}"
EndProject
Global
	GlobalSection(SolutionConfigurationPlatforms) = preSolution
		Debug|Any CPU = Debug|Any CPU
		Release|Any CPU = Release|Any CPU
	EndGlobalSection
	GlobalSection(ProjectConfigurationPlatforms) = postSolution
		{408BAD9E-1877-43AD-BB0E-1A9388004EFE}.Debug|Any CPU.ActiveCfg = Debug|Any CPU
		{408BAD9E-1877-43AD-BB0E-1A9388004EFE}.Debug|Any CPU.Build.0 = Debug|Any CPU
		{408BAD9E-1877-43AD-BB0E-1A9388004EFE}.Release|Any CPU.ActiveCfg = Release|Any CPU
		{408BAD9E-1877-43AD-BB0E-1A9388004EFE}.Release|Any CPU.Build.0 = Release|Any CPU
	EndGlobalSection
	GlobalSection(SolutionProperties) = preSolution
		HideSolutionNode = FALSE
	EndGlobalSection
EndGlobal
